// !$*UTF8*$!
{
	archiveVersion = 1;
	classes = {
	};
	objectVersion = 55;
	objects = {

/* Begin PBXBuildFile section */
		385A306928B3B85D00A648A0 /* main.swift in Sources */ = {isa = PBXBuildFile; fileRef = 385A306828B3B85D00A648A0 /* main.swift */; };
/* End PBXBuildFile section */

/* Begin PBXCopyFilesBuildPhase section */
		A755BDA127ACFF93004CADD9 /* CopyFiles */ = {
			isa = PBXCopyFilesBuildPhase;
			buildActionMask = 2147483647;
			dstPath = /usr/share/man/man1/;
			dstSubfolderSpec = 0;
			files = (
			);
			runOnlyForDeploymentPostprocessing = 1;
		};
/* End PBXCopyFilesBuildPhase section */

/* Begin PBXFileReference section */
		38166BA62885AFC300DD3D41 /* main.swift */ = {isa = PBXFileReference; lastKnownFileType = sourcecode.swift; path = main.swift; sourceTree = "<group>"; };
		38166BAE288AB67000DD3D41 /* main.swift */ = {isa = PBXFileReference; lastKnownFileType = sourcecode.swift; path = main.swift; sourceTree = "<group>"; };
		38390AD7283F59DA0070EF8F /* main.swift */ = {isa = PBXFileReference; lastKnownFileType = sourcecode.swift; path = main.swift; sourceTree = "<group>"; };
		384712A7283DA6FA00C57870 /* main.swift */ = {isa = PBXFileReference; lastKnownFileType = sourcecode.swift; path = main.swift; sourceTree = "<group>"; };
		384836AB283BAA550052F100 /* main.swift */ = {isa = PBXFileReference; lastKnownFileType = sourcecode.swift; path = main.swift; sourceTree = "<group>"; };
		384D0C83283792DC00F9D7F3 /* main.swift */ = {isa = PBXFileReference; lastKnownFileType = sourcecode.swift; path = main.swift; sourceTree = "<group>"; };
		385A306328B3B35000A648A0 /* 시간초과.swift */ = {isa = PBXFileReference; lastKnownFileType = sourcecode.swift; path = "시간초과.swift"; sourceTree = "<group>"; };
		385A306528B3B35500A648A0 /* main.swift */ = {isa = PBXFileReference; lastKnownFileType = sourcecode.swift; path = main.swift; sourceTree = "<group>"; };
		385A306828B3B85D00A648A0 /* main.swift */ = {isa = PBXFileReference; lastKnownFileType = sourcecode.swift; path = main.swift; sourceTree = "<group>"; };
		385BB4DB287578700067AFF4 /* main.swift */ = {isa = PBXFileReference; lastKnownFileType = sourcecode.swift; path = main.swift; sourceTree = "<group>"; };
		385BB4DE2875A7B20067AFF4 /* main.swift */ = {isa = PBXFileReference; lastKnownFileType = sourcecode.swift; path = main.swift; sourceTree = "<group>"; };
		385BB5122876B7E30067AFF4 /* main.swift */ = {isa = PBXFileReference; lastKnownFileType = sourcecode.swift; path = main.swift; sourceTree = "<group>"; };
		385BB520287D5E490067AFF4 /* main.swift */ = {isa = PBXFileReference; lastKnownFileType = sourcecode.swift; path = main.swift; sourceTree = "<group>"; };
		385BB525287F1FFA0067AFF4 /* main.swift */ = {isa = PBXFileReference; lastKnownFileType = sourcecode.swift; path = main.swift; sourceTree = "<group>"; };
		385BB52828802DA20067AFF4 /* basic solution (math).swift */ = {isa = PBXFileReference; lastKnownFileType = sourcecode.swift; path = "basic solution (math).swift"; sourceTree = "<group>"; };
		385BB52A288039140067AFF4 /* dp solution.swift */ = {isa = PBXFileReference; lastKnownFileType = sourcecode.swift; path = "dp solution.swift"; sourceTree = "<group>"; };
		3861D14F2892659E0001C187 /* main.swift */ = {isa = PBXFileReference; lastKnownFileType = sourcecode.swift; path = main.swift; sourceTree = "<group>"; };
		388809B5282FC77D00891435 /* main.swift */ = {isa = PBXFileReference; lastKnownFileType = sourcecode.swift; path = main.swift; sourceTree = "<group>"; };
		388809B82830D72000891435 /* main.swift */ = {isa = PBXFileReference; lastKnownFileType = sourcecode.swift; path = main.swift; sourceTree = "<group>"; };
		388809BD2832920500891435 /* main.swift */ = {isa = PBXFileReference; lastKnownFileType = sourcecode.swift; path = main.swift; sourceTree = "<group>"; };
		38A195922846134400ABB9A7 /* main.swift */ = {isa = PBXFileReference; lastKnownFileType = sourcecode.swift; path = main.swift; sourceTree = "<group>"; };
		38A6E2942840B7B1007CF7E0 /* main.swift */ = {isa = PBXFileReference; lastKnownFileType = sourcecode.swift; path = main.swift; sourceTree = "<group>"; };
		38A9ADBE2821A78B002BFB4B /* main.swift */ = {isa = PBXFileReference; lastKnownFileType = sourcecode.swift; path = main.swift; sourceTree = "<group>"; };
		38AE08BD281C0DD00035EB0C /* main.swift */ = {isa = PBXFileReference; lastKnownFileType = sourcecode.swift; path = main.swift; sourceTree = "<group>"; };
		38AE08C0281C10580035EB0C /* main.swift */ = {isa = PBXFileReference; lastKnownFileType = sourcecode.swift; path = main.swift; sourceTree = "<group>"; };
		38D0F1852816C8C90074A57B /* main.swift */ = {isa = PBXFileReference; lastKnownFileType = sourcecode.swift; path = main.swift; sourceTree = "<group>"; };
		38D3B091282946D20024EF3B /* main.swift */ = {isa = PBXFileReference; lastKnownFileType = sourcecode.swift; path = main.swift; sourceTree = "<group>"; };
		38D3B0972829516E0024EF3B /* main.swift */ = {isa = PBXFileReference; lastKnownFileType = sourcecode.swift; path = main.swift; sourceTree = "<group>"; };
		38D3B09E282A88970024EF3B /* main.swift */ = {isa = PBXFileReference; lastKnownFileType = sourcecode.swift; path = main.swift; sourceTree = "<group>"; };
		38D3B0A1282BD5640024EF3B /* main.swift */ = {isa = PBXFileReference; lastKnownFileType = sourcecode.swift; path = main.swift; sourceTree = "<group>"; };
		38E650AF28043E1C00A2FDCB /* main.swift */ = {isa = PBXFileReference; lastKnownFileType = sourcecode.swift; path = main.swift; sourceTree = "<group>"; };
		38F73C8D28338E74002C03CF /* main.swift */ = {isa = PBXFileReference; lastKnownFileType = sourcecode.swift; path = main.swift; sourceTree = "<group>"; };
		A701CFF027D9CB7A00DBABAA /* main.swift */ = {isa = PBXFileReference; lastKnownFileType = sourcecode.swift; path = main.swift; sourceTree = "<group>"; };
		A721D54928058293000DABD5 /* main.swift */ = {isa = PBXFileReference; lastKnownFileType = sourcecode.swift; path = main.swift; sourceTree = "<group>"; };
		A7233E6C27BA1E7C009993B0 /* main.swift */ = {isa = PBXFileReference; lastKnownFileType = sourcecode.swift; path = main.swift; sourceTree = "<group>"; };
		A72551F6280BE160005DE62E /* main.swift */ = {isa = PBXFileReference; lastKnownFileType = sourcecode.swift; path = main.swift; sourceTree = "<group>"; };
		A7348CB827BCD37200AD387D /* main.swift */ = {isa = PBXFileReference; lastKnownFileType = sourcecode.swift; path = main.swift; sourceTree = "<group>"; };
		A7348CBC27BCD6D100AD387D /* main.swift */ = {isa = PBXFileReference; lastKnownFileType = sourcecode.swift; path = main.swift; sourceTree = "<group>"; };
		A739F97127F352F50037F3BE /* main.swift */ = {isa = PBXFileReference; lastKnownFileType = sourcecode.swift; path = main.swift; sourceTree = "<group>"; };
		A73A874F27C1E2DD00DE34EC /* main.swift */ = {isa = PBXFileReference; lastKnownFileType = sourcecode.swift; path = main.swift; sourceTree = "<group>"; };
		A73A875227C1F35600DE34EC /* main.swift */ = {isa = PBXFileReference; lastKnownFileType = sourcecode.swift; path = main.swift; sourceTree = "<group>"; };
		A73A875527C21D6A00DE34EC /* main.swift */ = {isa = PBXFileReference; lastKnownFileType = sourcecode.swift; path = main.swift; sourceTree = "<group>"; };
		A73CEF2B27F0144D009673D9 /* main.swift */ = {isa = PBXFileReference; lastKnownFileType = sourcecode.swift; path = main.swift; sourceTree = "<group>"; };
		A73D81E127DDDA170016544C /* main_220313.swift */ = {isa = PBXFileReference; lastKnownFileType = sourcecode.swift; path = main_220313.swift; sourceTree = "<group>"; };
		A748F1BE27BE498700EF3683 /* main.swift */ = {isa = PBXFileReference; lastKnownFileType = sourcecode.swift; path = main.swift; sourceTree = "<group>"; };
		A748F1C127BFC09600EF3683 /* main.swift */ = {isa = PBXFileReference; lastKnownFileType = sourcecode.swift; path = main.swift; sourceTree = "<group>"; };
		A748F1C427BFD3FC00EF3683 /* main.swift */ = {isa = PBXFileReference; lastKnownFileType = sourcecode.swift; path = main.swift; sourceTree = "<group>"; };
		A74FDEEE27E3627900599092 /* main.swift */ = {isa = PBXFileReference; lastKnownFileType = sourcecode.swift; path = main.swift; sourceTree = "<group>"; };
		A74FDEF127E4A7AF00599092 /* main.swift */ = {isa = PBXFileReference; lastKnownFileType = sourcecode.swift; path = main.swift; sourceTree = "<group>"; };
		A74FDEF427E4E3F600599092 /* main.swift */ = {isa = PBXFileReference; lastKnownFileType = sourcecode.swift; path = main.swift; sourceTree = "<group>"; };
		A755BDA327ACFF93004CADD9 /* Algorithm */ = {isa = PBXFileReference; explicitFileType = "compiled.mach-o.executable"; includeInIndex = 0; path = Algorithm; sourceTree = BUILT_PRODUCTS_DIR; };
		A755BDAF27AD003D004CADD9 /* main.swift */ = {isa = PBXFileReference; lastKnownFileType = sourcecode.swift; path = main.swift; sourceTree = "<group>"; };
		A755BDB227AD0597004CADD9 /* main.swift */ = {isa = PBXFileReference; lastKnownFileType = sourcecode.swift; path = main.swift; sourceTree = "<group>"; };
		A755BDB527AD05F8004CADD9 /* main.swift */ = {isa = PBXFileReference; lastKnownFileType = sourcecode.swift; path = main.swift; sourceTree = "<group>"; };
		A755BDB727AD0628004CADD9 /* main.swift */ = {isa = PBXFileReference; lastKnownFileType = sourcecode.swift; path = main.swift; sourceTree = "<group>"; };
		A755BDBC27AD06FD004CADD9 /* main.swift */ = {isa = PBXFileReference; lastKnownFileType = sourcecode.swift; path = main.swift; sourceTree = "<group>"; };
		A755BDBE27AD0740004CADD9 /* main.swift */ = {isa = PBXFileReference; lastKnownFileType = sourcecode.swift; path = main.swift; sourceTree = "<group>"; };
		A75664E627D90514009E5F51 /* main.swift */ = {isa = PBXFileReference; lastKnownFileType = sourcecode.swift; path = main.swift; sourceTree = "<group>"; };
		A75D4C7027AF7E1600655780 /* main.swift */ = {isa = PBXFileReference; lastKnownFileType = sourcecode.swift; path = main.swift; sourceTree = "<group>"; };
		A75D814F2863E8AC008AB3EC /* main.swift */ = {isa = PBXFileReference; lastKnownFileType = sourcecode.swift; path = main.swift; sourceTree = "<group>"; };
		A75D81522863F8A8008AB3EC /* main.swift */ = {isa = PBXFileReference; lastKnownFileType = sourcecode.swift; path = main.swift; sourceTree = "<group>"; };
		A760155727D0F46900B4F74A /* main.swift */ = {isa = PBXFileReference; lastKnownFileType = sourcecode.swift; path = main.swift; sourceTree = "<group>"; };
		A770197027E1C3CB0034CE56 /* main.swift */ = {isa = PBXFileReference; lastKnownFileType = sourcecode.swift; path = main.swift; sourceTree = "<group>"; };
		A774DE9127C0A57900A2807C /* main.swift */ = {isa = PBXFileReference; lastKnownFileType = sourcecode.swift; path = main.swift; sourceTree = "<group>"; };
		A77C424727B79BDE0044AE94 /* main.swift */ = {isa = PBXFileReference; lastKnownFileType = sourcecode.swift; path = main.swift; sourceTree = "<group>"; };
		A788C93127CBC2C700C1EFB9 /* main.swift */ = {isa = PBXFileReference; lastKnownFileType = sourcecode.swift; path = main.swift; sourceTree = "<group>"; };
		A789EDB127DD9241005F272A /* main.swift */ = {isa = PBXFileReference; lastKnownFileType = sourcecode.swift; path = main.swift; sourceTree = "<group>"; };
		A789EDB427DD99D0005F272A /* main.swift */ = {isa = PBXFileReference; lastKnownFileType = sourcecode.swift; path = main.swift; sourceTree = "<group>"; };
		A78A19AC27B6557F0007CDD8 /* main.swift */ = {isa = PBXFileReference; lastKnownFileType = sourcecode.swift; path = main.swift; sourceTree = "<group>"; };
		A78D69D127D64A8E00A47832 /* main.swift */ = {isa = PBXFileReference; lastKnownFileType = sourcecode.swift; path = main.swift; sourceTree = "<group>"; };
		A78D69D427D73E6C00A47832 /* main.swift */ = {isa = PBXFileReference; lastKnownFileType = sourcecode.swift; path = main.swift; sourceTree = "<group>"; };
		A793034C27EDEC9100D5E414 /* main.swift */ = {isa = PBXFileReference; lastKnownFileType = sourcecode.swift; path = main.swift; sourceTree = "<group>"; };
		A79AC63B27CA02D900BF2932 /* main.swift */ = {isa = PBXFileReference; lastKnownFileType = sourcecode.swift; path = main.swift; sourceTree = "<group>"; };
		A7A3080B27AE47D5009EF1F2 /* main.swift */ = {isa = PBXFileReference; lastKnownFileType = sourcecode.swift; path = main.swift; sourceTree = "<group>"; };
		A7B63E7E286D833B00A786D8 /* main.swift */ = {isa = PBXFileReference; lastKnownFileType = sourcecode.swift; path = main.swift; sourceTree = "<group>"; };
		A7BBD80827B0D15D0050409D /* main.swift */ = {isa = PBXFileReference; lastKnownFileType = sourcecode.swift; path = main.swift; sourceTree = "<group>"; };
		A7CF795F27B8EC59003C391E /* main.swift */ = {isa = PBXFileReference; lastKnownFileType = sourcecode.swift; path = main.swift; sourceTree = "<group>"; };
		A7D39861280FD4EA00D44CC8 /* main.swift */ = {isa = PBXFileReference; lastKnownFileType = sourcecode.swift; path = main.swift; sourceTree = "<group>"; };
		A7D5E62B27E6F1510008D04D /* main.swift */ = {isa = PBXFileReference; lastKnownFileType = sourcecode.swift; path = main.swift; sourceTree = "<group>"; };
		A7D6ADC127CDB6270001A368 /* main.swift */ = {isa = PBXFileReference; lastKnownFileType = sourcecode.swift; path = main.swift; sourceTree = "<group>"; };
		A7DABE4D27DC5B6B00EC711F /* main.swift */ = {isa = PBXFileReference; lastKnownFileType = sourcecode.swift; path = main.swift; sourceTree = "<group>"; };
		A7DABE5127DC71EA00EC711F /* main.swift */ = {isa = PBXFileReference; lastKnownFileType = sourcecode.swift; path = main.swift; sourceTree = "<group>"; };
		A7DBEBA627E8BB310023B682 /* main.swift */ = {isa = PBXFileReference; lastKnownFileType = sourcecode.swift; path = main.swift; sourceTree = "<group>"; };
		A7E6F9C327D313E000731F6A /* main.swift */ = {isa = PBXFileReference; lastKnownFileType = sourcecode.swift; path = main.swift; sourceTree = "<group>"; };
		A7E6F9C627D338D100731F6A /* main.swift */ = {isa = PBXFileReference; lastKnownFileType = sourcecode.swift; path = main.swift; sourceTree = "<group>"; };
		A7E7F51C27ECB1D2003DFB63 /* main.swift */ = {isa = PBXFileReference; lastKnownFileType = sourcecode.swift; path = main.swift; sourceTree = "<group>"; };
		A7F3729227B4054800E56D8E /* main.swift */ = {isa = PBXFileReference; lastKnownFileType = sourcecode.swift; path = main.swift; sourceTree = "<group>"; };
/* End PBXFileReference section */

/* Begin PBXFrameworksBuildPhase section */
		A755BDA027ACFF93004CADD9 /* Frameworks */ = {
			isa = PBXFrameworksBuildPhase;
			buildActionMask = 2147483647;
			files = (
			);
			runOnlyForDeploymentPostprocessing = 0;
		};
/* End PBXFrameworksBuildPhase section */

/* Begin PBXGroup section */
		38166BA52885AFB100DD3D41 /* 12865_평범한 배낭 */ = {
			isa = PBXGroup;
			children = (
				38166BA62885AFC300DD3D41 /* main.swift */,
			);
			name = "12865_평범한 배낭";
			path = "12865_평범한 배낭";
			sourceTree = "<group>";
		};
		38166BAD288AB66500DD3D41 /* 1446_지름길 */ = {
			isa = PBXGroup;
			children = (
				38166BAE288AB67000DD3D41 /* main.swift */,
			);
			name = "1446_지름길";
			path = "1446_지름길";
			sourceTree = "<group>";
		};
		38390AD6283F59CA0070EF8F /* 13913_숨바꼭질4 */ = {
			isa = PBXGroup;
			children = (
				38390AD7283F59DA0070EF8F /* main.swift */,
			);
			name = "13913_숨바꼭질4";
			path = "1697_숨바꼭질4";
			sourceTree = "<group>";
		};
		384712A6283DA6E300C57870 /* 1707_이분 그래프 */ = {
			isa = PBXGroup;
			children = (
				384712A7283DA6FA00C57870 /* main.swift */,
			);
			name = "1707_이분 그래프";
			path = "1707_이분 그래프";
			sourceTree = "<group>";
		};
		384836AA283BAA3F0052F100 /* 14889_스타트와 링크 */ = {
			isa = PBXGroup;
			children = (
				384836AB283BAA550052F100 /* main.swift */,
			);
			name = "14889_스타트와 링크";
			path = "14889_스타트와 링크";
			sourceTree = "<group>";
		};
		384D0C82283792CE00F9D7F3 /* 11724_연결 요소의 개수 */ = {
			isa = PBXGroup;
			children = (
				384D0C83283792DC00F9D7F3 /* main.swift */,
			);
			name = "11724_연결 요소의 개수";
			path = "11724_연결 요소의 개수";
			sourceTree = "<group>";
		};
		385A306228B3B34500A648A0 /* kakao_실패율 */ = {
			isa = PBXGroup;
			children = (
				385A306328B3B35000A648A0 /* 시간초과.swift */,
				385A306528B3B35500A648A0 /* main.swift */,
			);
			name = "kakao_실패율";
			path = "kakao_실패율";
			sourceTree = "<group>";
		};
		385A306728B3B82F00A648A0 /* kakao_k진수에서 소수 개수 구하기 */ = {
			isa = PBXGroup;
			children = (
				385A306828B3B85D00A648A0 /* main.swift */,
			);
			name = "kakao_k진수에서 소수 개수 구하기";
			path = "kakao_k진수에서 소수 개수 구하기";
			sourceTree = "<group>";
		};
		385BB4DA287578450067AFF4 /* 16234_인구이동 */ = {
			isa = PBXGroup;
			children = (
				385BB4DB287578700067AFF4 /* main.swift */,
			);
			name = "16234_인구이동";
			path = "16234_인구이동";
			sourceTree = "<group>";
		};
		385BB4DD28759E090067AFF4 /* 2636_치즈 */ = {
			isa = PBXGroup;
			children = (
				385BB4DE2875A7B20067AFF4 /* main.swift */,
			);
			name = "2636_치즈";
			path = "2636_치즈";
			sourceTree = "<group>";
		};
		385BB51F287D5E2D0067AFF4 /* 2579_계단오르기 */ = {
			isa = PBXGroup;
			children = (
				385BB520287D5E490067AFF4 /* main.swift */,
			);
			name = "2579_계단오르기";
			path = "2579_계단오르기";
			sourceTree = "<group>";
		};
		385BB524287F1FF10067AFF4 /* 14502_연구소 */ = {
			isa = PBXGroup;
			children = (
				385BB525287F1FFA0067AFF4 /* main.swift */,
			);
			name = "14502_연구소";
			path = "14502_연구소";
			sourceTree = "<group>";
		};
		385BB52728802D960067AFF4 /* 2839_설탕배달 */ = {
			isa = PBXGroup;
			children = (
				385BB52828802DA20067AFF4 /* basic solution (math).swift */,
				385BB52A288039140067AFF4 /* dp solution.swift */,
			);
			name = "2839_설탕배달";
			path = "2839_설탕배달";
			sourceTree = "<group>";
		};
		3861D14E289265910001C187 /* 1679_숫자놀이 */ = {
			isa = PBXGroup;
			children = (
				3861D14F2892659E0001C187 /* main.swift */,
			);
			name = "1679_숫자놀이";
			path = "1679_숫자놀이";
			sourceTree = "<group>";
		};
		388809B4282FC76200891435 /* 1260_DFS와 BFS */ = {
			isa = PBXGroup;
			children = (
				388809B5282FC77D00891435 /* main.swift */,
			);
			name = "1260_DFS와 BFS";
			path = "1260_DFS와 BFS";
			sourceTree = "<group>";
		};
		388809B72830D71100891435 /* 10972_다음순열 */ = {
			isa = PBXGroup;
			children = (
				388809B82830D72000891435 /* main.swift */,
			);
			name = "10972_다음순열";
			path = "10972_다음순열";
			sourceTree = "<group>";
		};
		388809BC283291F700891435 /* 14501_퇴사 */ = {
			isa = PBXGroup;
			children = (
				388809BD2832920500891435 /* main.swift */,
			);
			name = "14501_퇴사";
			path = "14501_퇴사";
			sourceTree = "<group>";
		};
		38A195912846133500ABB9A7 /* 4963_섬의개수 */ = {
			isa = PBXGroup;
			children = (
				38A195922846134400ABB9A7 /* main.swift */,
			);
			name = "4963_섬의개수";
			path = "4963_섬의개수";
			sourceTree = "<group>";
		};
		38A6E2932840B7A6007CF7E0 /* 2667_단지 번호 붙이기 */ = {
			isa = PBXGroup;
			children = (
				38A6E2942840B7B1007CF7E0 /* main.swift */,
			);
			name = "2667_단지 번호 붙이기";
			path = "2667_단지 번호 붙이기";
			sourceTree = "<group>";
		};
		38A9ADBD2821A77B002BFB4B /* 15654_N과M(5) */ = {
			isa = PBXGroup;
			children = (
				38A9ADBE2821A78B002BFB4B /* main.swift */,
			);
			name = "15654_N과M(5)";
			path = "15654_N과M(5)";
			sourceTree = "<group>";
		};
		38AE08B8281C0D5E0035EB0C /* Programmers */ = {
			isa = PBXGroup;
			children = (
				385A306728B3B82F00A648A0 /* kakao_k진수에서 소수 개수 구하기 */,
				385A306228B3B34500A648A0 /* kakao_실패율 */,
				38D3B0A0282BD5590024EF3B /* kakao_메뉴 리뉴얼 */,
				38D3B090282946C30024EF3B /* kakao_주차 요금 계산 */,
				38AE08BF281C10450035EB0C /* kakao_신고 결과 받기 */,
				38AE08B9281C0D720035EB0C /* kakao_크레인 인형뽑기 */,
			);
			path = Programmers;
			sourceTree = "<group>";
		};
		38AE08B9281C0D720035EB0C /* kakao_크레인 인형뽑기 */ = {
			isa = PBXGroup;
			children = (
				38AE08BD281C0DD00035EB0C /* main.swift */,
			);
			name = "kakao_크레인 인형뽑기";
			path = "kakao_크레인 인형뽑기";
			sourceTree = "<group>";
		};
		38AE08BF281C10450035EB0C /* kakao_신고 결과 받기 */ = {
			isa = PBXGroup;
			children = (
				38AE08C0281C10580035EB0C /* main.swift */,
			);
			name = "kakao_신고 결과 받기";
			path = "kakao_신고 결과 받기";
			sourceTree = "<group>";
		};
		38D0F1842816C8AF0074A57B /* 15651_N과M(3) */ = {
			isa = PBXGroup;
			children = (
				38D0F1852816C8C90074A57B /* main.swift */,
			);
			name = "15651_N과M(3)";
			path = "15651_N과M(3)";
			sourceTree = "<group>";
		};
		38D3B090282946C30024EF3B /* kakao_주차 요금 계산 */ = {
			isa = PBXGroup;
			children = (
				38D3B091282946D20024EF3B /* main.swift */,
			);
			name = "kakao_주차 요금 계산";
			path = "kakao_주차 요금 계산";
			sourceTree = "<group>";
		};
		38D3B0962829515C0024EF3B /* 1759_암호 만들기 */ = {
			isa = PBXGroup;
			children = (
				38D3B0972829516E0024EF3B /* main.swift */,
			);
			name = "1759_암호 만들기";
			path = "1759_암호 만들기";
			sourceTree = "<group>";
		};
		38D3B09D282A88850024EF3B /* 1697_숨박꼭질 */ = {
			isa = PBXGroup;
			children = (
				38D3B09E282A88970024EF3B /* main.swift */,
			);
			name = "1697_숨박꼭질";
			path = "1697_숨박꼭질";
			sourceTree = "<group>";
		};
		38D3B0A0282BD5590024EF3B /* kakao_메뉴 리뉴얼 */ = {
			isa = PBXGroup;
			children = (
				38D3B0A1282BD5640024EF3B /* main.swift */,
			);
			name = "kakao_메뉴 리뉴얼";
			path = "kakao_메뉴 리뉴얼";
			sourceTree = "<group>";
		};
		38E650AE28043E0900A2FDCB /* 2309_일곱난쟁이 */ = {
			isa = PBXGroup;
			children = (
				38E650AF28043E1C00A2FDCB /* main.swift */,
			);
			name = "2309_일곱난쟁이";
			path = "2309_일곱난쟁이";
			sourceTree = "<group>";
		};
		38F73C8C28338E66002C03CF /* 13023_ABCDE */ = {
			isa = PBXGroup;
			children = (
				38F73C8D28338E74002C03CF /* main.swift */,
			);
			path = 13023_ABCDE;
			sourceTree = "<group>";
		};
		A701CFEF27D9CB6100DBABAA /* 15990_1,2,3 더하기 5 */ = {
			isa = PBXGroup;
			children = (
				A701CFF027D9CB7A00DBABAA /* main.swift */,
			);
			name = "15990_1,2,3 더하기 5";
			path = "15990_1,2,3 더하기 5";
			sourceTree = "<group>";
		};
		A721D54828058277000DABD5 /* 3085_사탕게임 */ = {
			isa = PBXGroup;
			children = (
				A721D54928058293000DABD5 /* main.swift */,
			);
			name = "3085_사탕게임";
			path = "3085_사탕게임";
			sourceTree = "<group>";
		};
		A7233E6B27BA1E36009993B0 /* 10809_알파벳 찾기 */ = {
			isa = PBXGroup;
			children = (
				A7233E6C27BA1E7C009993B0 /* main.swift */,
			);
			name = "10809_알파벳 찾기";
			path = "10809_알파벳 찾기";
			sourceTree = "<group>";
		};
		A72551F5280BE063005DE62E /* 1107_리모컨 */ = {
			isa = PBXGroup;
			children = (
				A72551F6280BE160005DE62E /* main.swift */,
			);
			name = "1107_리모컨";
			path = "1107_리모컨";
			sourceTree = "<group>";
		};
		A7348CB727BCD36300AD387D /* 2743_단어 길이 재기 */ = {
			isa = PBXGroup;
			children = (
				A7348CB827BCD37200AD387D /* main.swift */,
			);
			name = "2743_단어 길이 재기";
			path = "2743_단어 길이 재기";
			sourceTree = "<group>";
		};
		A7348CBA27BCD6A300AD387D /* 10820_문자열 분석 */ = {
			isa = PBXGroup;
			children = (
				A7348CBC27BCD6D100AD387D /* main.swift */,
			);
			name = "10820_문자열 분석";
			path = "10820_문자열 분석";
			sourceTree = "<group>";
		};
		A739F97027F352D90037F3BE /* 11055_가장 큰 증가 부분 수열 */ = {
			isa = PBXGroup;
			children = (
				A739F97127F352F50037F3BE /* main.swift */,
			);
			name = "11055_가장 큰 증가 부분 수열";
			path = "11055_가장 큰 증가 부분 수열";
			sourceTree = "<group>";
		};
		A73A874E27C1E2CC00DE34EC /* 9613_GCD합 */ = {
			isa = PBXGroup;
			children = (
				A73A874F27C1E2DD00DE34EC /* main.swift */,
			);
			name = "9613_GCD합";
			path = "9613_GCD합";
			sourceTree = "<group>";
		};
		A73A875127C1F34500DE34EC /* 1373_2진수 8진수 */ = {
			isa = PBXGroup;
			children = (
				A73A875227C1F35600DE34EC /* main.swift */,
			);
			name = "1373_2진수 8진수";
			path = "1373_2진수 8진수";
			sourceTree = "<group>";
		};
		A73A875427C21D5900DE34EC /* 1212_8진수 2진수 */ = {
			isa = PBXGroup;
			children = (
				A73A875527C21D6A00DE34EC /* main.swift */,
			);
			name = "1212_8진수 2진수";
			path = "1212_8진수 2진수";
			sourceTree = "<group>";
		};
		A73CEF2A27F0143B009673D9 /* 1932_정수 삼각형 */ = {
			isa = PBXGroup;
			children = (
				A73CEF2B27F0144D009673D9 /* main.swift */,
			);
			name = "1932_정수 삼각형";
			path = "1932_정수 삼각형";
			sourceTree = "<group>";
			wrapsLines = 0;
		};
		A73D81E027DDDA030016544C /* 1912_연속합 */ = {
			isa = PBXGroup;
			children = (
				A73D81E127DDDA170016544C /* main_220313.swift */,
				385BB5122876B7E30067AFF4 /* main.swift */,
			);
			name = "1912_연속합";
			path = "1912_연속합";
			sourceTree = "<group>";
		};
		A748F1BD27BE496D00EF3683 /* 11655_ROT13 */ = {
			isa = PBXGroup;
			children = (
				A748F1BE27BE498700EF3683 /* main.swift */,
			);
			path = 11655_ROT13;
			sourceTree = "<group>";
		};
		A748F1C027BFC08A00EF3683 /* 10824_네 수 */ = {
			isa = PBXGroup;
			children = (
				A748F1C127BFC09600EF3683 /* main.swift */,
			);
			name = "10824_네 수";
			path = "10824_네 수";
			sourceTree = "<group>";
		};
		A748F1C327BFD3DD00EF3683 /* 11656_접미사 배열 */ = {
			isa = PBXGroup;
			children = (
				A748F1C427BFD3FC00EF3683 /* main.swift */,
			);
			name = "11656_접미사 배열";
			path = "11656_접미사 배열";
			sourceTree = "<group>";
		};
		A74FDEED27E3626800599092 /* 2225_합분해 */ = {
			isa = PBXGroup;
			children = (
				A74FDEEE27E3627900599092 /* main.swift */,
			);
			name = "2225_합분해";
			path = "2225_합분해";
			sourceTree = "<group>";
		};
		A74FDEF027E4A79B00599092 /* 15988_1,2,3더하기 3 */ = {
			isa = PBXGroup;
			children = (
				A74FDEF127E4A7AF00599092 /* main.swift */,
			);
			name = "15988_1,2,3더하기 3";
			path = "15988_1,2,3더하기 3";
			sourceTree = "<group>";
		};
		A74FDEF327E4E3E600599092 /* 1149_RGB거리 */ = {
			isa = PBXGroup;
			children = (
				A74FDEF427E4E3F600599092 /* main.swift */,
			);
			name = "1149_RGB거리";
			path = "1149_RGB거리";
			sourceTree = "<group>";
		};
		A755BD9A27ACFF93004CADD9 = {
			isa = PBXGroup;
			children = (
				A755BDA527ACFF93004CADD9 /* Algorithm */,
				A755BDA427ACFF93004CADD9 /* Products */,
			);
			sourceTree = "<group>";
		};
		A755BDA427ACFF93004CADD9 /* Products */ = {
			isa = PBXGroup;
			children = (
				A755BDA327ACFF93004CADD9 /* Algorithm */,
			);
			name = Products;
			sourceTree = "<group>";
		};
		A755BDA527ACFF93004CADD9 /* Algorithm */ = {
			isa = PBXGroup;
			children = (
				38AE08B8281C0D5E0035EB0C /* Programmers */,
				A755BDAD27ACFFFA004CADD9 /* Boj */,
			);
			path = Algorithm;
			sourceTree = "<group>";
		};
		A755BDAD27ACFFFA004CADD9 /* Boj */ = {
			isa = PBXGroup;
			children = (
				3861D14E289265910001C187 /* 1679_숫자놀이 */,
				38166BAD288AB66500DD3D41 /* 1446_지름길 */,
				38166BA52885AFB100DD3D41 /* 12865_평범한 배낭 */,
				385BB52728802D960067AFF4 /* 2839_설탕배달 */,
				385BB524287F1FF10067AFF4 /* 14502_연구소 */,
				385BB51F287D5E2D0067AFF4 /* 2579_계단오르기 */,
				385BB4DD28759E090067AFF4 /* 2636_치즈 */,
				385BB4DA287578450067AFF4 /* 16234_인구이동 */,
				A7B63E7D286D832B00A786D8 /* 16947_서울지하철2호선 */,
				A75D81512863F89D008AB3EC /* 7576_토마토 */,
				A75D814E2863E842008AB3EC /* 2178_미로탐색 */,
				38A195912846133500ABB9A7 /* 4963_섬의개수 */,
				38A6E2932840B7A6007CF7E0 /* 2667_단지 번호 붙이기 */,
				38390AD6283F59CA0070EF8F /* 13913_숨바꼭질4 */,
				384712A6283DA6E300C57870 /* 1707_이분 그래프 */,
				384836AA283BAA3F0052F100 /* 14889_스타트와 링크 */,
				384D0C82283792CE00F9D7F3 /* 11724_연결 요소의 개수 */,
				38F73C8C28338E66002C03CF /* 13023_ABCDE */,
				388809BC283291F700891435 /* 14501_퇴사 */,
				388809B72830D71100891435 /* 10972_다음순열 */,
				388809B4282FC76200891435 /* 1260_DFS와 BFS */,
				38D3B09D282A88850024EF3B /* 1697_숨박꼭질 */,
				38D3B0962829515C0024EF3B /* 1759_암호 만들기 */,
				38A9ADBD2821A77B002BFB4B /* 15654_N과M(5) */,
				38D0F1842816C8AF0074A57B /* 15651_N과M(3) */,
				A7D39860280FD4D600D44CC8 /* 1748_수이어쓰기1 */,
				A72551F5280BE063005DE62E /* 1107_리모컨 */,
				A721D54828058277000DABD5 /* 3085_사탕게임 */,
				38E650AE28043E0900A2FDCB /* 2309_일곱난쟁이 */,
				A739F97027F352D90037F3BE /* 11055_가장 큰 증가 부분 수열 */,
				A73CEF2A27F0143B009673D9 /* 1932_정수 삼각형 */,
				A793034B27EDEC8200D5E414 /* 2156_포도주시식 */,
				A7E7F51B27ECB1C1003DFB63 /* 9465_스티커 */,
				A7DBEBA527E8BB140023B682 /* 11057_오르막 수 */,
				A7D5E62A27E6F1440008D04D /* 1309_동물원 */,
				A74FDEF327E4E3E600599092 /* 1149_RGB거리 */,
				A74FDEF027E4A79B00599092 /* 15988_1,2,3더하기 3 */,
				A74FDEED27E3626800599092 /* 2225_합분해 */,
				A770196F27E1C3B60034CE56 /* 1699_제곱수의 합 */,
				A73D81E027DDDA030016544C /* 1912_연속합 */,
				A789EDB327DD99C2005F272A /* 14002_가장 긴 증가하는 부분 수열 4 */,
				A789EDB027DD9224005F272A /* 11053_가장 긴 증가하는 부분 수열 */,
				A7DABE4F27DC71DB00EC711F /* 2193_이친수 */,
				A7DABE4C27DC5B5400EC711F /* 10844_쉬운 계단 수 */,
				A701CFEF27D9CB6100DBABAA /* 15990_1,2,3 더하기 5 */,
				A75664E527D904FC009E5F51 /* 16194_카드 구매하기2 */,
				A78D69D327D73E5B00A47832 /* 11052_카드 구매하기 */,
				A78D69D027D64A7000A47832 /* 9095_1,2,3 더하기 */,
				A7E6F9C527D338BE00731F6A /* 11727_2xn타일링2 */,
				A7E6F9C227D313B500731F6A /* 11726_2xn타일링 */,
				A760155627D0F45C00B4F74A /* 1463_1로 만들기 */,
				A7D6ADC027CDB6170001A368 /* 17103_골드바흐 파티션 */,
				A788C93027CBC2B400C1EFB9 /* 11653_소인수분해 */,
				A79AC63A27CA02C600BF2932 /* 2089_-2진수 */,
				A73A875427C21D5900DE34EC /* 1212_8진수 2진수 */,
				A73A875127C1F34500DE34EC /* 1373_2진수 8진수 */,
				A73A874E27C1E2CC00DE34EC /* 9613_GCD합 */,
				A774DE9027C0A55F00A2807C /* 17087_숨바꼭질6 */,
				A748F1C327BFD3DD00EF3683 /* 11656_접미사 배열 */,
				A748F1C027BFC08A00EF3683 /* 10824_네 수 */,
				A748F1BD27BE496D00EF3683 /* 11655_ROT13 */,
				A7348CBA27BCD6A300AD387D /* 10820_문자열 분석 */,
				A7348CB727BCD36300AD387D /* 2743_단어 길이 재기 */,
				A7233E6B27BA1E36009993B0 /* 10809_알파벳 찾기 */,
				A7CF795E27B8EC44003C391E /* 10808_알파벳 개수 */,
				A77C424627B79BC90044AE94 /* 1918_후위표기식 */,
				A78A19AB27B6556B0007CDD8 /* 1935_후위표기식2 */,
				A7F3729127B4051F00E56D8E /* 10799_쇠막대기 */,
				A7BBD80727B0D1360050409D /* 17413_단어뒤집기2 */,
				A75D4C6F27AF7E0100655780 /* 10866_덱 */,
				A7A3080A27AE47C1009EF1F2 /* 1158_요세푸스 문제 */,
				A755BDBD27AD072C004CADD9 /* 10828_스택(stack) */,
				A755BDBB27AD06EE004CADD9 /* 9093_단어뒤집기 */,
				A755BDB627AD0617004CADD9 /* 9012_괄호 */,
				A755BDB427AD05E5004CADD9 /* 1874_스택 수열 */,
				A755BDB127AD0585004CADD9 /* 1406_에디터 */,
				A755BDAE27AD0025004CADD9 /* 10845_큐 */,
			);
			path = Boj;
			sourceTree = "<group>";
		};
		A755BDAE27AD0025004CADD9 /* 10845_큐 */ = {
			isa = PBXGroup;
			children = (
				A755BDAF27AD003D004CADD9 /* main.swift */,
			);
			name = "10845_큐";
			path = "10845_큐";
			sourceTree = "<group>";
		};
		A755BDB127AD0585004CADD9 /* 1406_에디터 */ = {
			isa = PBXGroup;
			children = (
				A755BDB227AD0597004CADD9 /* main.swift */,
			);
			name = "1406_에디터";
			path = "1406_에디터";
			sourceTree = "<group>";
		};
		A755BDB427AD05E5004CADD9 /* 1874_스택 수열 */ = {
			isa = PBXGroup;
			children = (
				A755BDB527AD05F8004CADD9 /* main.swift */,
			);
			name = "1874_스택 수열";
			path = "1874_스택 수열";
			sourceTree = "<group>";
		};
		A755BDB627AD0617004CADD9 /* 9012_괄호 */ = {
			isa = PBXGroup;
			children = (
				A755BDB727AD0628004CADD9 /* main.swift */,
			);
			name = "9012_괄호";
			path = "9012_괄호";
			sourceTree = "<group>";
		};
		A755BDBB27AD06EE004CADD9 /* 9093_단어뒤집기 */ = {
			isa = PBXGroup;
			children = (
				A755BDBC27AD06FD004CADD9 /* main.swift */,
			);
			name = "9093_단어뒤집기";
			path = "9093_단어뒤집기";
			sourceTree = "<group>";
		};
		A755BDBD27AD072C004CADD9 /* 10828_스택(stack) */ = {
			isa = PBXGroup;
			children = (
				A755BDBE27AD0740004CADD9 /* main.swift */,
			);
			name = "10828_스택(stack)";
			path = "10828_스택(stack)";
			sourceTree = "<group>";
		};
		A75664E527D904FC009E5F51 /* 16194_카드 구매하기2 */ = {
			isa = PBXGroup;
			children = (
				A75664E627D90514009E5F51 /* main.swift */,
			);
			name = "16194_카드 구매하기2";
			path = "16194_카드 구매하기2";
			sourceTree = "<group>";
		};
		A75D4C6F27AF7E0100655780 /* 10866_덱 */ = {
			isa = PBXGroup;
			children = (
				A75D4C7027AF7E1600655780 /* main.swift */,
			);
			name = "10866_덱";
			path = "10866_덱";
			sourceTree = "<group>";
		};
		A75D814E2863E842008AB3EC /* 2178_미로탐색 */ = {
			isa = PBXGroup;
			children = (
				A75D814F2863E8AC008AB3EC /* main.swift */,
			);
			name = "2178_미로탐색";
			path = "2178_미로탐색";
			sourceTree = "<group>";
		};
		A75D81512863F89D008AB3EC /* 7576_토마토 */ = {
			isa = PBXGroup;
			children = (
				A75D81522863F8A8008AB3EC /* main.swift */,
			);
			name = "7576_토마토";
			path = "7576_토마토";
			sourceTree = "<group>";
		};
		A760155627D0F45C00B4F74A /* 1463_1로 만들기 */ = {
			isa = PBXGroup;
			children = (
				A760155727D0F46900B4F74A /* main.swift */,
			);
			name = "1463_1로 만들기";
			path = "1463_1로 만들기";
			sourceTree = "<group>";
		};
		A770196F27E1C3B60034CE56 /* 1699_제곱수의 합 */ = {
			isa = PBXGroup;
			children = (
				A770197027E1C3CB0034CE56 /* main.swift */,
			);
			name = "1699_제곱수의 합";
			path = "1699_제곱수의 합";
			sourceTree = "<group>";
		};
		A774DE9027C0A55F00A2807C /* 17087_숨바꼭질6 */ = {
			isa = PBXGroup;
			children = (
				A774DE9127C0A57900A2807C /* main.swift */,
			);
			name = "17087_숨바꼭질6";
			path = "17087_숨바꼭질6";
			sourceTree = "<group>";
		};
		A77C424627B79BC90044AE94 /* 1918_후위표기식 */ = {
			isa = PBXGroup;
			children = (
				A77C424727B79BDE0044AE94 /* main.swift */,
			);
			name = "1918_후위표기식";
			path = "1918_후위표기식";
			sourceTree = "<group>";
		};
		A788C93027CBC2B400C1EFB9 /* 11653_소인수분해 */ = {
			isa = PBXGroup;
			children = (
				A788C93127CBC2C700C1EFB9 /* main.swift */,
			);
			name = "11653_소인수분해";
			path = "11653_소인수분해";
			sourceTree = "<group>";
		};
		A789EDB027DD9224005F272A /* 11053_가장 긴 증가하는 부분 수열 */ = {
			isa = PBXGroup;
			children = (
				A789EDB127DD9241005F272A /* main.swift */,
			);
			name = "11053_가장 긴 증가하는 부분 수열";
			path = "11053_가장 긴 증가하는 부분 수열 ";
			sourceTree = "<group>";
		};
		A789EDB327DD99C2005F272A /* 14002_가장 긴 증가하는 부분 수열 4 */ = {
			isa = PBXGroup;
			children = (
				A789EDB427DD99D0005F272A /* main.swift */,
			);
			name = "14002_가장 긴 증가하는 부분 수열 4";
			path = "14002_가장 긴 증가하는 부분 수열 4";
			sourceTree = "<group>";
		};
		A78A19AB27B6556B0007CDD8 /* 1935_후위표기식2 */ = {
			isa = PBXGroup;
			children = (
				A78A19AC27B6557F0007CDD8 /* main.swift */,
			);
			name = "1935_후위표기식2";
			path = "1935_후위표기식2";
			sourceTree = "<group>";
		};
		A78D69D027D64A7000A47832 /* 9095_1,2,3 더하기 */ = {
			isa = PBXGroup;
			children = (
				A78D69D127D64A8E00A47832 /* main.swift */,
			);
			name = "9095_1,2,3 더하기";
			path = "9095_1,2,3 더하기";
			sourceTree = "<group>";
		};
		A78D69D327D73E5B00A47832 /* 11052_카드 구매하기 */ = {
			isa = PBXGroup;
			children = (
				A78D69D427D73E6C00A47832 /* main.swift */,
			);
			name = "11052_카드 구매하기";
			path = "11052_카드 구매하기";
			sourceTree = "<group>";
		};
		A793034B27EDEC8200D5E414 /* 2156_포도주시식 */ = {
			isa = PBXGroup;
			children = (
				A793034C27EDEC9100D5E414 /* main.swift */,
			);
			name = "2156_포도주시식";
			path = "2156_포도주시식";
			sourceTree = "<group>";
		};
		A79AC63A27CA02C600BF2932 /* 2089_-2진수 */ = {
			isa = PBXGroup;
			children = (
				A79AC63B27CA02D900BF2932 /* main.swift */,
			);
			name = "2089_-2진수";
			path = "2089_-2진수";
			sourceTree = "<group>";
		};
		A7A3080A27AE47C1009EF1F2 /* 1158_요세푸스 문제 */ = {
			isa = PBXGroup;
			children = (
				A7A3080B27AE47D5009EF1F2 /* main.swift */,
			);
			name = "1158_요세푸스 문제";
			path = "1158_요세푸스 문제";
			sourceTree = "<group>";
		};
		A7B63E7D286D832B00A786D8 /* 16947_서울지하철2호선 */ = {
			isa = PBXGroup;
			children = (
				A7B63E7E286D833B00A786D8 /* main.swift */,
			);
			name = "16947_서울지하철2호선";
			path = "16947_서울지하철2호선";
			sourceTree = "<group>";
		};
		A7BBD80727B0D1360050409D /* 17413_단어뒤집기2 */ = {
			isa = PBXGroup;
			children = (
				A7BBD80827B0D15D0050409D /* main.swift */,
			);
			name = "17413_단어뒤집기2";
			path = "17413_단어뒤집기2";
			sourceTree = "<group>";
		};
		A7CF795E27B8EC44003C391E /* 10808_알파벳 개수 */ = {
			isa = PBXGroup;
			children = (
				A7CF795F27B8EC59003C391E /* main.swift */,
			);
			name = "10808_알파벳 개수";
			path = "10808_알파벳 개수";
			sourceTree = "<group>";
		};
		A7D39860280FD4D600D44CC8 /* 1748_수이어쓰기1 */ = {
			isa = PBXGroup;
			children = (
				A7D39861280FD4EA00D44CC8 /* main.swift */,
			);
			name = "1748_수이어쓰기1";
			path = "1748_수이어쓰기1";
			sourceTree = "<group>";
		};
		A7D5E62A27E6F1440008D04D /* 1309_동물원 */ = {
			isa = PBXGroup;
			children = (
				A7D5E62B27E6F1510008D04D /* main.swift */,
			);
			name = "1309_동물원";
			path = "1309_동물원";
			sourceTree = "<group>";
		};
		A7D6ADC027CDB6170001A368 /* 17103_골드바흐 파티션 */ = {
			isa = PBXGroup;
			children = (
				A7D6ADC127CDB6270001A368 /* main.swift */,
			);
			name = "17103_골드바흐 파티션";
			path = "17103_골드바흐 파티션";
			sourceTree = "<group>";
		};
		A7DABE4C27DC5B5400EC711F /* 10844_쉬운 계단 수 */ = {
			isa = PBXGroup;
			children = (
				A7DABE4D27DC5B6B00EC711F /* main.swift */,
			);
			name = "10844_쉬운 계단 수";
			path = "10844_쉬운 계단 수";
			sourceTree = "<group>";
		};
		A7DABE4F27DC71DB00EC711F /* 2193_이친수 */ = {
			isa = PBXGroup;
			children = (
				A7DABE5127DC71EA00EC711F /* main.swift */,
			);
			name = "2193_이친수";
			path = "2193_이친수";
			sourceTree = "<group>";
		};
		A7DBEBA527E8BB140023B682 /* 11057_오르막 수 */ = {
			isa = PBXGroup;
			children = (
				A7DBEBA627E8BB310023B682 /* main.swift */,
			);
			name = "11057_오르막 수";
			path = "11057_오르막 수";
			sourceTree = "<group>";
		};
		A7E6F9C227D313B500731F6A /* 11726_2xn타일링 */ = {
			isa = PBXGroup;
			children = (
				A7E6F9C327D313E000731F6A /* main.swift */,
			);
			name = "11726_2xn타일링";
			path = "11726_2xn타일링";
			sourceTree = "<group>";
		};
		A7E6F9C527D338BE00731F6A /* 11727_2xn타일링2 */ = {
			isa = PBXGroup;
			children = (
				A7E6F9C627D338D100731F6A /* main.swift */,
			);
			name = "11727_2xn타일링2";
			path = "11727_2xn타일링2";
			sourceTree = "<group>";
		};
		A7E7F51B27ECB1C1003DFB63 /* 9465_스티커 */ = {
			isa = PBXGroup;
			children = (
				A7E7F51C27ECB1D2003DFB63 /* main.swift */,
			);
			name = "9465_스티커";
			path = "9465_스티커";
			sourceTree = "<group>";
		};
		A7F3729127B4051F00E56D8E /* 10799_쇠막대기 */ = {
			isa = PBXGroup;
			children = (
				A7F3729227B4054800E56D8E /* main.swift */,
			);
			name = "10799_쇠막대기";
			path = "10799_쇠막대기";
			sourceTree = "<group>";
		};
/* End PBXGroup section */

/* Begin PBXNativeTarget section */
		A755BDA227ACFF93004CADD9 /* Algorithm */ = {
			isa = PBXNativeTarget;
			buildConfigurationList = A755BDAA27ACFF93004CADD9 /* Build configuration list for PBXNativeTarget "Algorithm" */;
			buildPhases = (
				A755BD9F27ACFF93004CADD9 /* Sources */,
				A755BDA027ACFF93004CADD9 /* Frameworks */,
				A755BDA127ACFF93004CADD9 /* CopyFiles */,
			);
			buildRules = (
			);
			dependencies = (
			);
			name = Algorithm;
			productName = Algorithm;
			productReference = A755BDA327ACFF93004CADD9 /* Algorithm */;
			productType = "com.apple.product-type.tool";
		};
/* End PBXNativeTarget section */

/* Begin PBXProject section */
		A755BD9B27ACFF93004CADD9 /* Project object */ = {
			isa = PBXProject;
			attributes = {
				BuildIndependentTargetsInParallel = 1;
				LastSwiftUpdateCheck = 1320;
				LastUpgradeCheck = 1330;
				TargetAttributes = {
					A755BDA227ACFF93004CADD9 = {
						CreatedOnToolsVersion = 13.2.1;
						LastSwiftMigration = 1330;
					};
				};
			};
			buildConfigurationList = A755BD9E27ACFF93004CADD9 /* Build configuration list for PBXProject "Algorithm" */;
			compatibilityVersion = "Xcode 13.0";
			developmentRegion = en;
			hasScannedForEncodings = 0;
			knownRegions = (
				en,
				Base,
			);
			mainGroup = A755BD9A27ACFF93004CADD9;
			productRefGroup = A755BDA427ACFF93004CADD9 /* Products */;
			projectDirPath = "";
			projectRoot = "";
			targets = (
				A755BDA227ACFF93004CADD9 /* Algorithm */,
			);
		};
/* End PBXProject section */

/* Begin PBXSourcesBuildPhase section */
		A755BD9F27ACFF93004CADD9 /* Sources */ = {
			isa = PBXSourcesBuildPhase;
			buildActionMask = 2147483647;
			files = (
				385A306928B3B85D00A648A0 /* main.swift in Sources */,
			);
			runOnlyForDeploymentPostprocessing = 0;
		};
/* End PBXSourcesBuildPhase section */

/* Begin XCBuildConfiguration section */
		A755BDA827ACFF93004CADD9 /* Debug */ = {
			isa = XCBuildConfiguration;
			buildSettings = {
				ALWAYS_SEARCH_USER_PATHS = NO;
				CLANG_ANALYZER_NONNULL = YES;
				CLANG_ANALYZER_NUMBER_OBJECT_CONVERSION = YES_AGGRESSIVE;
				CLANG_CXX_LANGUAGE_STANDARD = "gnu++17";
				CLANG_CXX_LIBRARY = "libc++";
				CLANG_ENABLE_MODULES = YES;
				CLANG_ENABLE_OBJC_ARC = YES;
				CLANG_ENABLE_OBJC_WEAK = YES;
				CLANG_WARN_BLOCK_CAPTURE_AUTORELEASING = YES;
				CLANG_WARN_BOOL_CONVERSION = YES;
				CLANG_WARN_COMMA = YES;
				CLANG_WARN_CONSTANT_CONVERSION = YES;
				CLANG_WARN_DEPRECATED_OBJC_IMPLEMENTATIONS = YES;
				CLANG_WARN_DIRECT_OBJC_ISA_USAGE = YES_ERROR;
				CLANG_WARN_DOCUMENTATION_COMMENTS = YES;
				CLANG_WARN_EMPTY_BODY = YES;
				CLANG_WARN_ENUM_CONVERSION = YES;
				CLANG_WARN_INFINITE_RECURSION = YES;
				CLANG_WARN_INT_CONVERSION = YES;
				CLANG_WARN_NON_LITERAL_NULL_CONVERSION = YES;
				CLANG_WARN_OBJC_IMPLICIT_RETAIN_SELF = YES;
				CLANG_WARN_OBJC_LITERAL_CONVERSION = YES;
				CLANG_WARN_OBJC_ROOT_CLASS = YES_ERROR;
				CLANG_WARN_QUOTED_INCLUDE_IN_FRAMEWORK_HEADER = YES;
				CLANG_WARN_RANGE_LOOP_ANALYSIS = YES;
				CLANG_WARN_STRICT_PROTOTYPES = YES;
				CLANG_WARN_SUSPICIOUS_MOVE = YES;
				CLANG_WARN_UNGUARDED_AVAILABILITY = YES_AGGRESSIVE;
				CLANG_WARN_UNREACHABLE_CODE = YES;
				CLANG_WARN__DUPLICATE_METHOD_MATCH = YES;
				COPY_PHASE_STRIP = NO;
				DEBUG_INFORMATION_FORMAT = dwarf;
				ENABLE_STRICT_OBJC_MSGSEND = YES;
				ENABLE_TESTABILITY = YES;
				GCC_C_LANGUAGE_STANDARD = gnu11;
				GCC_DYNAMIC_NO_PIC = NO;
				GCC_NO_COMMON_BLOCKS = YES;
				GCC_OPTIMIZATION_LEVEL = 0;
				GCC_PREPROCESSOR_DEFINITIONS = (
					"DEBUG=1",
					"$(inherited)",
				);
				GCC_WARN_64_TO_32_BIT_CONVERSION = YES;
				GCC_WARN_ABOUT_RETURN_TYPE = YES_ERROR;
				GCC_WARN_UNDECLARED_SELECTOR = YES;
				GCC_WARN_UNINITIALIZED_AUTOS = YES_AGGRESSIVE;
				GCC_WARN_UNUSED_FUNCTION = YES;
				GCC_WARN_UNUSED_VARIABLE = YES;
				MACOSX_DEPLOYMENT_TARGET = 12.1;
				MTL_ENABLE_DEBUG_INFO = INCLUDE_SOURCE;
				MTL_FAST_MATH = YES;
				ONLY_ACTIVE_ARCH = YES;
				SDKROOT = macosx;
				SWIFT_ACTIVE_COMPILATION_CONDITIONS = DEBUG;
				SWIFT_OPTIMIZATION_LEVEL = "-Onone";
			};
			name = Debug;
		};
		A755BDA927ACFF93004CADD9 /* Release */ = {
			isa = XCBuildConfiguration;
			buildSettings = {
				ALWAYS_SEARCH_USER_PATHS = NO;
				CLANG_ANALYZER_NONNULL = YES;
				CLANG_ANALYZER_NUMBER_OBJECT_CONVERSION = YES_AGGRESSIVE;
				CLANG_CXX_LANGUAGE_STANDARD = "gnu++17";
				CLANG_CXX_LIBRARY = "libc++";
				CLANG_ENABLE_MODULES = YES;
				CLANG_ENABLE_OBJC_ARC = YES;
				CLANG_ENABLE_OBJC_WEAK = YES;
				CLANG_WARN_BLOCK_CAPTURE_AUTORELEASING = YES;
				CLANG_WARN_BOOL_CONVERSION = YES;
				CLANG_WARN_COMMA = YES;
				CLANG_WARN_CONSTANT_CONVERSION = YES;
				CLANG_WARN_DEPRECATED_OBJC_IMPLEMENTATIONS = YES;
				CLANG_WARN_DIRECT_OBJC_ISA_USAGE = YES_ERROR;
				CLANG_WARN_DOCUMENTATION_COMMENTS = YES;
				CLANG_WARN_EMPTY_BODY = YES;
				CLANG_WARN_ENUM_CONVERSION = YES;
				CLANG_WARN_INFINITE_RECURSION = YES;
				CLANG_WARN_INT_CONVERSION = YES;
				CLANG_WARN_NON_LITERAL_NULL_CONVERSION = YES;
				CLANG_WARN_OBJC_IMPLICIT_RETAIN_SELF = YES;
				CLANG_WARN_OBJC_LITERAL_CONVERSION = YES;
				CLANG_WARN_OBJC_ROOT_CLASS = YES_ERROR;
				CLANG_WARN_QUOTED_INCLUDE_IN_FRAMEWORK_HEADER = YES;
				CLANG_WARN_RANGE_LOOP_ANALYSIS = YES;
				CLANG_WARN_STRICT_PROTOTYPES = YES;
				CLANG_WARN_SUSPICIOUS_MOVE = YES;
				CLANG_WARN_UNGUARDED_AVAILABILITY = YES_AGGRESSIVE;
				CLANG_WARN_UNREACHABLE_CODE = YES;
				CLANG_WARN__DUPLICATE_METHOD_MATCH = YES;
				COPY_PHASE_STRIP = NO;
				DEBUG_INFORMATION_FORMAT = "dwarf-with-dsym";
				ENABLE_NS_ASSERTIONS = NO;
				ENABLE_STRICT_OBJC_MSGSEND = YES;
				GCC_C_LANGUAGE_STANDARD = gnu11;
				GCC_NO_COMMON_BLOCKS = YES;
				GCC_WARN_64_TO_32_BIT_CONVERSION = YES;
				GCC_WARN_ABOUT_RETURN_TYPE = YES_ERROR;
				GCC_WARN_UNDECLARED_SELECTOR = YES;
				GCC_WARN_UNINITIALIZED_AUTOS = YES_AGGRESSIVE;
				GCC_WARN_UNUSED_FUNCTION = YES;
				GCC_WARN_UNUSED_VARIABLE = YES;
				MACOSX_DEPLOYMENT_TARGET = 12.1;
				MTL_ENABLE_DEBUG_INFO = NO;
				MTL_FAST_MATH = YES;
				SDKROOT = macosx;
				SWIFT_COMPILATION_MODE = wholemodule;
				SWIFT_OPTIMIZATION_LEVEL = "-O";
			};
			name = Release;
		};
		A755BDAB27ACFF93004CADD9 /* Debug */ = {
			isa = XCBuildConfiguration;
			buildSettings = {
				CLANG_ENABLE_MODULES = YES;
				CODE_SIGN_IDENTITY = "-";
				CODE_SIGN_STYLE = Automatic;
				DEVELOPMENT_TEAM = 82DRSFKFS9;
				ENABLE_HARDENED_RUNTIME = YES;
				LD_RUNPATH_SEARCH_PATHS = (
					"$(inherited)",
					"@executable_path/../Frameworks",
					"@loader_path/../Frameworks",
				);
				PRODUCT_NAME = "$(TARGET_NAME)";
				SWIFT_OBJC_BRIDGING_HEADER = "Algorithm/Programmers/kakao_크레인 인형뽑기/Algorithm-Bridging-Header.h";
				SWIFT_OPTIMIZATION_LEVEL = "-Onone";
				SWIFT_VERSION = 5.0;
			};
			name = Debug;
		};
		A755BDAC27ACFF93004CADD9 /* Release */ = {
			isa = XCBuildConfiguration;
			buildSettings = {
				CLANG_ENABLE_MODULES = YES;
				CODE_SIGN_IDENTITY = "-";
				CODE_SIGN_STYLE = Automatic;
				DEVELOPMENT_TEAM = 82DRSFKFS9;
				ENABLE_HARDENED_RUNTIME = YES;
				LD_RUNPATH_SEARCH_PATHS = (
					"$(inherited)",
					"@executable_path/../Frameworks",
					"@loader_path/../Frameworks",
				);
				PRODUCT_NAME = "$(TARGET_NAME)";
				SWIFT_OBJC_BRIDGING_HEADER = "Algorithm/Programmers/kakao_크레인 인형뽑기/Algorithm-Bridging-Header.h";
				SWIFT_VERSION = 5.0;
			};
			name = Release;
		};
/* End XCBuildConfiguration section */

/* Begin XCConfigurationList section */
		A755BD9E27ACFF93004CADD9 /* Build configuration list for PBXProject "Algorithm" */ = {
			isa = XCConfigurationList;
			buildConfigurations = (
				A755BDA827ACFF93004CADD9 /* Debug */,
				A755BDA927ACFF93004CADD9 /* Release */,
			);
			defaultConfigurationIsVisible = 0;
			defaultConfigurationName = Release;
		};
		A755BDAA27ACFF93004CADD9 /* Build configuration list for PBXNativeTarget "Algorithm" */ = {
			isa = XCConfigurationList;
			buildConfigurations = (
				A755BDAB27ACFF93004CADD9 /* Debug */,
				A755BDAC27ACFF93004CADD9 /* Release */,
			);
			defaultConfigurationIsVisible = 0;
			defaultConfigurationName = Release;
		};
/* End XCConfigurationList section */
	};
	rootObject = A755BD9B27ACFF93004CADD9 /* Project object */;
}
